
Microsoft Visual Studio Solution File, Format Version 12.00
# Visual Studio 15
VisualStudioVersion = 15.0.28010.2041
MinimumVisualStudioVersion = 10.0.40219.1
Project("{FAE04EC0-301F-11D3-BF4B-00C04F79EFBC}") = "SweetPOS", "SweetPOS\SweetPOS.csproj", "{6A689590-3F94-4AFF-8C6B-C6FAFD88A854}"
EndProject
Global
	GlobalSection(SolutionConfigurationPlatforms) = preSolution
		Debug|Any CPU = Debug|Any CPU
		Release|Any CPU = Release|Any CPU
	EndGlobalSection
	GlobalSection(ProjectConfigurationPlatforms) = postSolution
		{6A689590-3F94-4AFF-8C6B-C6FAFD88A854}.Debug|Any CPU.ActiveCfg = Debug|Any CPU
		{6A689590-3F94-4AFF-8C6B-C6FAFD88A854}.Debug|Any CPU.Build.0 = Debug|Any CPU
		{6A689590-3F94-4AFF-8C6B-C6FAFD88A854}.Release|Any CPU.ActiveCfg = Release|Any CPU
		{6A689590-3F94-4AFF-8C6B-C6FAFD88A854}.Release|Any CPU.Build.0 = Release|Any CPU
	EndGlobalSection
	GlobalSection(SolutionProperties) = preSolution
		HideSolutionNode = FALSE
	EndGlobalSection
	GlobalSection(ExtensibilityGlobals) = postSolution
		SolutionGuid = {68FFFFBF-1A39-4F1A-8385-314A678E04F6}
	EndGlobalSection
EndGlobal
